
Microsoft Visual Studio Solution File, Format Version 12.00
# Visual Studio Version 17
VisualStudioVersion = 17.5.33502.453
MinimumVisualStudioVersion = 10.0.40219.1
Project("{FAE04EC0-301F-11D3-BF4B-00C04F79EFBC}") = "Tryy1take1", "Tryy1take1\Tryy1take1.csproj", "{F9F81591-5255-4310-BD85-FEADC48899CC}"
EndProject
Global
	GlobalSection(SolutionConfigurationPlatforms) = preSolution
		Debug|Any CPU = Debug|Any CPU
		Release|Any CPU = Release|Any CPU
	EndGlobalSection
	GlobalSection(ProjectConfigurationPlatforms) = postSolution
		{F9F81591-5255-4310-BD85-FEADC48899CC}.Debug|Any CPU.ActiveCfg = Debug|Any CPU
		{F9F81591-5255-4310-BD85-FEADC48899CC}.Debug|Any CPU.Build.0 = Debug|Any CPU
		{F9F81591-5255-4310-BD85-FEADC48899CC}.Release|Any CPU.ActiveCfg = Release|Any CPU
		{F9F81591-5255-4310-BD85-FEADC48899CC}.Release|Any CPU.Build.0 = Release|Any CPU
	EndGlobalSection
	GlobalSection(SolutionProperties) = preSolution
		HideSolutionNode = FALSE
	EndGlobalSection
	GlobalSection(ExtensibilityGlobals) = postSolution
		SolutionGuid = {6B549E86-F8BD-47C1-B0A5-0B3D880B86C4}
	EndGlobalSection
EndGlobal
