
Microsoft Visual Studio Solution File, Format Version 12.00
# Visual Studio Version 17
VisualStudioVersion = 17.5.33424.131
MinimumVisualStudioVersion = 10.0.40219.1
Project("{9A19103F-16F7-4668-BE54-9A1E7A4F7556}") = "ConsoleApp4", "ConsoleApp4\ConsoleApp4.csproj", "{1F36962C-D95C-4494-8B47-6D408CB99824}"
EndProject
Global
	GlobalSection(SolutionConfigurationPlatforms) = preSolution
		Debug|Any CPU = Debug|Any CPU
		Release|Any CPU = Release|Any CPU
	EndGlobalSection
	GlobalSection(ProjectConfigurationPlatforms) = postSolution
		{1F36962C-D95C-4494-8B47-6D408CB99824}.Debug|Any CPU.ActiveCfg = Debug|Any CPU
		{1F36962C-D95C-4494-8B47-6D408CB99824}.Debug|Any CPU.Build.0 = Debug|Any CPU
		{1F36962C-D95C-4494-8B47-6D408CB99824}.Release|Any CPU.ActiveCfg = Release|Any CPU
		{1F36962C-D95C-4494-8B47-6D408CB99824}.Release|Any CPU.Build.0 = Release|Any CPU
	EndGlobalSection
	GlobalSection(SolutionProperties) = preSolution
		HideSolutionNode = FALSE
	EndGlobalSection
	GlobalSection(ExtensibilityGlobals) = postSolution
		SolutionGuid = {D6A9EC50-7C5A-4AB4-B57E-D41DD080970E}
	EndGlobalSection
EndGlobal
